
Microsoft Visual Studio Solution File, Format Version 12.00
# Visual Studio 15
Project("{FAE04EC0-301F-11D3-BF4B-00C04F79EFBC}") = "UnityEngine.TestRunner", "UnityEngine.TestRunner.csproj", "{AF2ADDDD-2240-A1B8-21A1-B54988BB9FFC}"
EndProject
Project("{FAE04EC0-301F-11D3-BF4B-00C04F79EFBC}") = "Unity.VisualScripting.Flow", "Unity.VisualScripting.Flow.csproj", "{6E6B96D2-B02F-8895-8C11-64BE343EC35E}"
EndProject
Project("{FAE04EC0-301F-11D3-BF4B-00C04F79EFBC}") = "Unity.Mathematics", "Unity.Mathematics.csproj", "{D06B582F-4B73-4701-A15E-4002AB9979C5}"
EndProject
Project("{FAE04EC0-301F-11D3-BF4B-00C04F79EFBC}") = "Assembly-CSharp", "Assembly-CSharp.csproj", "{E0EE5363-9FD0-1199-25B3-472BEC91A670}"
EndProject
Project("{FAE04EC0-301F-11D3-BF4B-00C04F79EFBC}") = "Unity.VisualScripting.State", "Unity.VisualScripting.State.csproj", "{E3DA2943-0D67-DE81-AC37-A3D5D4E001EB}"
EndProject
Project("{FAE04EC0-301F-11D3-BF4B-00C04F79EFBC}") = "Assembly-CSharp-firstpass", "Assembly-CSharp-firstpass.csproj", "{F1B5AD5E-6FF7-942C-2BD7-2E14663DEC98}"
EndProject
Project("{FAE04EC0-301F-11D3-BF4B-00C04F79EFBC}") = "Unity.VisualScripting.Core", "Unity.VisualScripting.Core.csproj", "{2EE563FC-1541-8F50-7102-DE0724D2EC3C}"
EndProject
Project("{FAE04EC0-301F-11D3-BF4B-00C04F79EFBC}") = "Unity.Burst", "Unity.Burst.csproj", "{B05A8CD2-CFF7-5F3E-6256-0714907BA869}"
EndProject
Project("{FAE04EC0-301F-11D3-BF4B-00C04F79EFBC}") = "Unity.2D.Animation.Runtime", "Unity.2D.Animation.Runtime.csproj", "{63C70E2A-7453-042F-02FC-09F97C126CE9}"
EndProject
Project("{FAE04EC0-301F-11D3-BF4B-00C04F79EFBC}") = "Unity.TextMeshPro", "Unity.TextMeshPro.csproj", "{1ACC3759-B873-B7A9-4689-18D2790B5DC2}"
EndProject
Project("{FAE04EC0-301F-11D3-BF4B-00C04F79EFBC}") = "Unity.Timeline", "Unity.Timeline.csproj", "{4F7FDEEC-43E3-3A58-A79B-07F0368FB797}"
EndProject
Project("{FAE04EC0-301F-11D3-BF4B-00C04F79EFBC}") = "Unity.2D.SpriteShape.Runtime", "Unity.2D.SpriteShape.Runtime.csproj", "{320F762D-EB35-8C46-2801-14A523F102B6}"
EndProject
Project("{FAE04EC0-301F-11D3-BF4B-00C04F79EFBC}") = "Unity.2D.PixelPerfect", "Unity.2D.PixelPerfect.csproj", "{97A2B9F7-2BED-3E77-6ED1-4783211D7114}"
EndProject
Project("{FAE04EC0-301F-11D3-BF4B-00C04F79EFBC}") = "Unity.2D.Common.Runtime", "Unity.2D.Common.Runtime.csproj", "{B1213907-E47E-2EA4-E204-A811B80A4EB5}"
EndProject
Project("{FAE04EC0-301F-11D3-BF4B-00C04F79EFBC}") = "Unity.2D.IK.Runtime", "Unity.2D.IK.Runtime.csproj", "{48E830EF-EAC7-B43A-3DBD-22A1F1E0E806}"
EndProject
Project("{FAE04EC0-301F-11D3-BF4B-00C04F79EFBC}") = "Unity.2D.Tilemap.Extras", "Unity.2D.Tilemap.Extras.csproj", "{52DDB001-8D7E-3603-BA81-DF6CBADAEBEA}"
EndProject
Project("{FAE04EC0-301F-11D3-BF4B-00C04F79EFBC}") = "Unity.InternalAPIEngineBridge.001", "Unity.InternalAPIEngineBridge.001.csproj", "{E8B629C2-F700-D0AE-C049-6B562FB26C01}"
EndProject
Project("{FAE04EC0-301F-11D3-BF4B-00C04F79EFBC}") = "Unity.PlasticSCM.Editor", "Unity.PlasticSCM.Editor.csproj", "{72B80ACB-6139-A004-01F7-69E3ADBE4B83}"
EndProject
Project("{FAE04EC0-301F-11D3-BF4B-00C04F79EFBC}") = "Unity.VisualScripting.Core.Editor", "Unity.VisualScripting.Core.Editor.csproj", "{CC93D552-827E-7C98-8280-C810A095FB19}"
EndProject
Project("{FAE04EC0-301F-11D3-BF4B-00C04F79EFBC}") = "Unity.VisualScripting.Flow.Editor", "Unity.VisualScripting.Flow.Editor.csproj", "{56F27A0B-E9AE-CFD8-66CB-B2F085637EE4}"
EndProject
Project("{FAE04EC0-301F-11D3-BF4B-00C04F79EFBC}") = "Unity.VisualStudio.Editor", "Unity.VisualStudio.Editor.csproj", "{9DFC7B97-737F-4D92-8616-1AADEDEF2890}"
EndProject
Project("{FAE04EC0-301F-11D3-BF4B-00C04F79EFBC}") = "Unity.Timeline.Editor", "Unity.Timeline.Editor.csproj", "{B3E70473-4280-CB5A-C823-B1BE8FD54E1B}"
EndProject
Project("{FAE04EC0-301F-11D3-BF4B-00C04F79EFBC}") = "Unity.VisualScripting.State.Editor", "Unity.VisualScripting.State.Editor.csproj", "{2287C007-B694-862E-9B38-12527515E8F2}"
EndProject
Project("{FAE04EC0-301F-11D3-BF4B-00C04F79EFBC}") = "Unity.TextMeshPro.Editor", "Unity.TextMeshPro.Editor.csproj", "{033FC4D7-D8CA-0E1E-EAEA-0F83F1D7BDA2}"
EndProject
Project("{FAE04EC0-301F-11D3-BF4B-00C04F79EFBC}") = "Unity.2D.PixelPerfect.Editor", "Unity.2D.PixelPerfect.Editor.csproj", "{C2E113F6-8134-CF55-A3A0-DB473EA4D5F7}"
EndProject
Project("{FAE04EC0-301F-11D3-BF4B-00C04F79EFBC}") = "Unity.2D.Animation.Editor", "Unity.2D.Animation.Editor.csproj", "{150D976D-09C7-11D7-C607-69BDBDAC802A}"
EndProject
Project("{FAE04EC0-301F-11D3-BF4B-00C04F79EFBC}") = "Unity.VisualScripting.SettingsProvider.Editor", "Unity.VisualScripting.SettingsProvider.Editor.csproj", "{91F23B94-C8DC-99CC-2659-110DA626288D}"
EndProject
Project("{FAE04EC0-301F-11D3-BF4B-00C04F79EFBC}") = "Unity.2D.Psdimporter.Editor", "Unity.2D.Psdimporter.Editor.csproj", "{C062BE0B-61C0-35EE-9CB1-EC4730F8C1B8}"
EndProject
Project("{FAE04EC0-301F-11D3-BF4B-00C04F79EFBC}") = "UnityEditor.TestRunner", "UnityEditor.TestRunner.csproj", "{74294DE0-19D1-AEB4-FE1D-747C646DBAFC}"
EndProject
Project("{FAE04EC0-301F-11D3-BF4B-00C04F79EFBC}") = "Unity.TestTools.CodeCoverage.Editor", "Unity.TestTools.CodeCoverage.Editor.csproj", "{8402B99D-1DED-B540-55F1-05D5193EE951}"
EndProject
Project("{FAE04EC0-301F-11D3-BF4B-00C04F79EFBC}") = "Unity.Rider.Editor", "Unity.Rider.Editor.csproj", "{FD4B1ADA-6869-9BF4-76E6-F61183F2CD15}"
EndProject
Project("{FAE04EC0-301F-11D3-BF4B-00C04F79EFBC}") = "Unity.2D.Path.Editor", "Unity.2D.Path.Editor.csproj", "{91AA490B-EEA5-F728-38B4-E1CCA0997EF8}"
EndProject
Project("{FAE04EC0-301F-11D3-BF4B-00C04F79EFBC}") = "PsdPlugin", "PsdPlugin.csproj", "{BA697263-C7A2-C800-0E4D-E4AEEE79B01F}"
EndProject
Project("{FAE04EC0-301F-11D3-BF4B-00C04F79EFBC}") = "Unity.Performance.Profile-Analyzer.Editor", "Unity.Performance.Profile-Analyzer.Editor.csproj", "{CF7A167E-652A-FFDC-4F3F-37B8FD674216}"
EndProject
Project("{FAE04EC0-301F-11D3-BF4B-00C04F79EFBC}") = "Unity.2D.IK.Editor", "Unity.2D.IK.Editor.csproj", "{C1D2DE6E-D1EA-3E95-90F8-23594ABE3288}"
EndProject
Project("{FAE04EC0-301F-11D3-BF4B-00C04F79EFBC}") = "Unity.2D.SpriteShape.Editor", "Unity.2D.SpriteShape.Editor.csproj", "{27E39735-2671-343A-AA77-E512BBC6823A}"
EndProject
Project("{FAE04EC0-301F-11D3-BF4B-00C04F79EFBC}") = "Unity.Burst.CodeGen", "Unity.Burst.CodeGen.csproj", "{7A20DDD7-5BA1-FC99-466B-9348966C3201}"
EndProject
Project("{FAE04EC0-301F-11D3-BF4B-00C04F79EFBC}") = "Unity.VSCode.Editor", "Unity.VSCode.Editor.csproj", "{78CF13EE-DE02-DAA9-6CB5-6CCA55BCFF04}"
EndProject
Project("{FAE04EC0-301F-11D3-BF4B-00C04F79EFBC}") = "Unity.TestTools.CodeCoverage.Editor.OpenCover.Model", "Unity.TestTools.CodeCoverage.Editor.OpenCover.Model.csproj", "{CD91EA69-5F0A-C8E3-537F-3A915021959D}"
EndProject
Project("{FAE04EC0-301F-11D3-BF4B-00C04F79EFBC}") = "Unity.EditorCoroutines.Editor", "Unity.EditorCoroutines.Editor.csproj", "{05F58F59-07E7-7A5B-A513-B34EC03D3829}"
EndProject
Project("{FAE04EC0-301F-11D3-BF4B-00C04F79EFBC}") = "Unity.Settings.Editor", "Unity.Settings.Editor.csproj", "{D7F19D5F-4B40-C93F-FA90-FEF844B0509D}"
EndProject
Project("{FAE04EC0-301F-11D3-BF4B-00C04F79EFBC}") = "Assembly-CSharp-Editor-firstpass", "Assembly-CSharp-Editor-firstpass.csproj", "{C02D931A-9A9C-A76A-670C-E1DE473A3ECC}"
EndProject
Project("{FAE04EC0-301F-11D3-BF4B-00C04F79EFBC}") = "Unity.2D.Common.Editor", "Unity.2D.Common.Editor.csproj", "{1EC25201-D0A9-E258-D6CC-4A65F822B2C9}"
EndProject
Project("{FAE04EC0-301F-11D3-BF4B-00C04F79EFBC}") = "Unity.CollabProxy.Editor", "Unity.CollabProxy.Editor.csproj", "{A27F86AD-976E-3091-BEA5-B04F7220C31B}"
EndProject
Project("{FAE04EC0-301F-11D3-BF4B-00C04F79EFBC}") = "Unity.Mathematics.Editor", "Unity.Mathematics.Editor.csproj", "{0D3B0BA4-E799-7984-5FE8-B8667280DB9A}"
EndProject
Project("{FAE04EC0-301F-11D3-BF4B-00C04F79EFBC}") = "Unity.2D.Tilemap.Extras.Editor", "Unity.2D.Tilemap.Extras.Editor.csproj", "{9A01D7E8-556D-1C87-9913-B427AE6E9957}"
EndProject
Project("{FAE04EC0-301F-11D3-BF4B-00C04F79EFBC}") = "Unity.Burst.Editor", "Unity.Burst.Editor.csproj", "{0CA99DD7-AD10-E5EC-B3C8-737B35D05237}"
EndProject
Project("{FAE04EC0-301F-11D3-BF4B-00C04F79EFBC}") = "Unity.InternalAPIEditorBridge.001", "Unity.InternalAPIEditorBridge.001.csproj", "{4CFAC420-625B-DF48-C92B-165265A81700}"
EndProject
Project("{FAE04EC0-301F-11D3-BF4B-00C04F79EFBC}") = "Unity.TestTools.CodeCoverage.Editor.OpenCover.Mono.Reflection", "Unity.TestTools.CodeCoverage.Editor.OpenCover.Mono.Reflection.csproj", "{0B7BB3B4-C392-EC6D-3E3B-AA42DEF915C8}"
EndProject
Project("{FAE04EC0-301F-11D3-BF4B-00C04F79EFBC}") = "Unity.VisualScripting.Shared.Editor", "Unity.VisualScripting.Shared.Editor.csproj", "{28CFCF07-C633-6E22-97CA-E3FEE1993F90}"
EndProject
Global
	GlobalSection(SolutionConfigurationPlatforms) = preSolution
		Debug|Any CPU = Debug|Any CPU
		Release|Any CPU = Release|Any CPU
	EndGlobalSection
	GlobalSection(ProjectConfigurationPlatforms) = postSolution
		{AF2ADDDD-2240-A1B8-21A1-B54988BB9FFC}.Debug|Any CPU.ActiveCfg = Debug|Any CPU
		{AF2ADDDD-2240-A1B8-21A1-B54988BB9FFC}.Debug|Any CPU.Build.0 = Debug|Any CPU
		{AF2ADDDD-2240-A1B8-21A1-B54988BB9FFC}.Release|Any CPU.ActiveCfg = Release|Any CPU
		{AF2ADDDD-2240-A1B8-21A1-B54988BB9FFC}.Release|Any CPU.Build.0 = Release|Any CPU
		{6E6B96D2-B02F-8895-8C11-64BE343EC35E}.Debug|Any CPU.ActiveCfg = Debug|Any CPU
		{6E6B96D2-B02F-8895-8C11-64BE343EC35E}.Debug|Any CPU.Build.0 = Debug|Any CPU
		{6E6B96D2-B02F-8895-8C11-64BE343EC35E}.Release|Any CPU.ActiveCfg = Release|Any CPU
		{6E6B96D2-B02F-8895-8C11-64BE343EC35E}.Release|Any CPU.Build.0 = Release|Any CPU
		{D06B582F-4B73-4701-A15E-4002AB9979C5}.Debug|Any CPU.ActiveCfg = Debug|Any CPU
		{D06B582F-4B73-4701-A15E-4002AB9979C5}.Debug|Any CPU.Build.0 = Debug|Any CPU
		{D06B582F-4B73-4701-A15E-4002AB9979C5}.Release|Any CPU.ActiveCfg = Release|Any CPU
		{D06B582F-4B73-4701-A15E-4002AB9979C5}.Release|Any CPU.Build.0 = Release|Any CPU
		{E0EE5363-9FD0-1199-25B3-472BEC91A670}.Debug|Any CPU.ActiveCfg = Debug|Any CPU
		{E0EE5363-9FD0-1199-25B3-472BEC91A670}.Debug|Any CPU.Build.0 = Debug|Any CPU
		{E0EE5363-9FD0-1199-25B3-472BEC91A670}.Release|Any CPU.ActiveCfg = Release|Any CPU
		{E0EE5363-9FD0-1199-25B3-472BEC91A670}.Release|Any CPU.Build.0 = Release|Any CPU
		{E3DA2943-0D67-DE81-AC37-A3D5D4E001EB}.Debug|Any CPU.ActiveCfg = Debug|Any CPU
		{E3DA2943-0D67-DE81-AC37-A3D5D4E001EB}.Debug|Any CPU.Build.0 = Debug|Any CPU
		{E3DA2943-0D67-DE81-AC37-A3D5D4E001EB}.Release|Any CPU.ActiveCfg = Release|Any CPU
		{E3DA2943-0D67-DE81-AC37-A3D5D4E001EB}.Release|Any CPU.Build.0 = Release|Any CPU
		{F1B5AD5E-6FF7-942C-2BD7-2E14663DEC98}.Debug|Any CPU.ActiveCfg = Debug|Any CPU
		{F1B5AD5E-6FF7-942C-2BD7-2E14663DEC98}.Debug|Any CPU.Build.0 = Debug|Any CPU
		{F1B5AD5E-6FF7-942C-2BD7-2E14663DEC98}.Release|Any CPU.ActiveCfg = Release|Any CPU
		{F1B5AD5E-6FF7-942C-2BD7-2E14663DEC98}.Release|Any CPU.Build.0 = Release|Any CPU
		{2EE563FC-1541-8F50-7102-DE0724D2EC3C}.Debug|Any CPU.ActiveCfg = Debug|Any CPU
		{2EE563FC-1541-8F50-7102-DE0724D2EC3C}.Debug|Any CPU.Build.0 = Debug|Any CPU
		{2EE563FC-1541-8F50-7102-DE0724D2EC3C}.Release|Any CPU.ActiveCfg = Release|Any CPU
		{2EE563FC-1541-8F50-7102-DE0724D2EC3C}.Release|Any CPU.Build.0 = Release|Any CPU
		{B05A8CD2-CFF7-5F3E-6256-0714907BA869}.Debug|Any CPU.ActiveCfg = Debug|Any CPU
		{B05A8CD2-CFF7-5F3E-6256-0714907BA869}.Debug|Any CPU.Build.0 = Debug|Any CPU
		{B05A8CD2-CFF7-5F3E-6256-0714907BA869}.Release|Any CPU.ActiveCfg = Release|Any CPU
		{B05A8CD2-CFF7-5F3E-6256-0714907BA869}.Release|Any CPU.Build.0 = Release|Any CPU
		{63C70E2A-7453-042F-02FC-09F97C126CE9}.Debug|Any CPU.ActiveCfg = Debug|Any CPU
		{63C70E2A-7453-042F-02FC-09F97C126CE9}.Debug|Any CPU.Build.0 = Debug|Any CPU
		{63C70E2A-7453-042F-02FC-09F97C126CE9}.Release|Any CPU.ActiveCfg = Release|Any CPU
		{63C70E2A-7453-042F-02FC-09F97C126CE9}.Release|Any CPU.Build.0 = Release|Any CPU
		{1ACC3759-B873-B7A9-4689-18D2790B5DC2}.Debug|Any CPU.ActiveCfg = Debug|Any CPU
		{1ACC3759-B873-B7A9-4689-18D2790B5DC2}.Debug|Any CPU.Build.0 = Debug|Any CPU
		{1ACC3759-B873-B7A9-4689-18D2790B5DC2}.Release|Any CPU.ActiveCfg = Release|Any CPU
		{1ACC3759-B873-B7A9-4689-18D2790B5DC2}.Release|Any CPU.Build.0 = Release|Any CPU
		{4F7FDEEC-43E3-3A58-A79B-07F0368FB797}.Debug|Any CPU.ActiveCfg = Debug|Any CPU
		{4F7FDEEC-43E3-3A58-A79B-07F0368FB797}.Debug|Any CPU.Build.0 = Debug|Any CPU
		{4F7FDEEC-43E3-3A58-A79B-07F0368FB797}.Release|Any CPU.ActiveCfg = Release|Any CPU
		{4F7FDEEC-43E3-3A58-A79B-07F0368FB797}.Release|Any CPU.Build.0 = Release|Any CPU
		{320F762D-EB35-8C46-2801-14A523F102B6}.Debug|Any CPU.ActiveCfg = Debug|Any CPU
		{320F762D-EB35-8C46-2801-14A523F102B6}.Debug|Any CPU.Build.0 = Debug|Any CPU
		{320F762D-EB35-8C46-2801-14A523F102B6}.Release|Any CPU.ActiveCfg = Release|Any CPU
		{320F762D-EB35-8C46-2801-14A523F102B6}.Release|Any CPU.Build.0 = Release|Any CPU
		{97A2B9F7-2BED-3E77-6ED1-4783211D7114}.Debug|Any CPU.ActiveCfg = Debug|Any CPU
		{97A2B9F7-2BED-3E77-6ED1-4783211D7114}.Debug|Any CPU.Build.0 = Debug|Any CPU
		{97A2B9F7-2BED-3E77-6ED1-4783211D7114}.Release|Any CPU.ActiveCfg = Release|Any CPU
		{97A2B9F7-2BED-3E77-6ED1-4783211D7114}.Release|Any CPU.Build.0 = Release|Any CPU
		{B1213907-E47E-2EA4-E204-A811B80A4EB5}.Debug|Any CPU.ActiveCfg = Debug|Any CPU
		{B1213907-E47E-2EA4-E204-A811B80A4EB5}.Debug|Any CPU.Build.0 = Debug|Any CPU
		{B1213907-E47E-2EA4-E204-A811B80A4EB5}.Release|Any CPU.ActiveCfg = Release|Any CPU
		{B1213907-E47E-2EA4-E204-A811B80A4EB5}.Release|Any CPU.Build.0 = Release|Any CPU
		{48E830EF-EAC7-B43A-3DBD-22A1F1E0E806}.Debug|Any CPU.ActiveCfg = Debug|Any CPU
		{48E830EF-EAC7-B43A-3DBD-22A1F1E0E806}.Debug|Any CPU.Build.0 = Debug|Any CPU
		{48E830EF-EAC7-B43A-3DBD-22A1F1E0E806}.Release|Any CPU.ActiveCfg = Release|Any CPU
		{48E830EF-EAC7-B43A-3DBD-22A1F1E0E806}.Release|Any CPU.Build.0 = Release|Any CPU
		{52DDB001-8D7E-3603-BA81-DF6CBADAEBEA}.Debug|Any CPU.ActiveCfg = Debug|Any CPU
		{52DDB001-8D7E-3603-BA81-DF6CBADAEBEA}.Debug|Any CPU.Build.0 = Debug|Any CPU
		{52DDB001-8D7E-3603-BA81-DF6CBADAEBEA}.Release|Any CPU.ActiveCfg = Release|Any CPU
		{52DDB001-8D7E-3603-BA81-DF6CBADAEBEA}.Release|Any CPU.Build.0 = Release|Any CPU
		{E8B629C2-F700-D0AE-C049-6B562FB26C01}.Debug|Any CPU.ActiveCfg = Debug|Any CPU
		{E8B629C2-F700-D0AE-C049-6B562FB26C01}.Debug|Any CPU.Build.0 = Debug|Any CPU
		{E8B629C2-F700-D0AE-C049-6B562FB26C01}.Release|Any CPU.ActiveCfg = Release|Any CPU
		{E8B629C2-F700-D0AE-C049-6B562FB26C01}.Release|Any CPU.Build.0 = Release|Any CPU
		{72B80ACB-6139-A004-01F7-69E3ADBE4B83}.Debug|Any CPU.ActiveCfg = Debug|Any CPU
		{72B80ACB-6139-A004-01F7-69E3ADBE4B83}.Debug|Any CPU.Build.0 = Debug|Any CPU
		{72B80ACB-6139-A004-01F7-69E3ADBE4B83}.Release|Any CPU.ActiveCfg = Release|Any CPU
		{72B80ACB-6139-A004-01F7-69E3ADBE4B83}.Release|Any CPU.Build.0 = Release|Any CPU
		{CC93D552-827E-7C98-8280-C810A095FB19}.Debug|Any CPU.ActiveCfg = Debug|Any CPU
		{CC93D552-827E-7C98-8280-C810A095FB19}.Debug|Any CPU.Build.0 = Debug|Any CPU
		{CC93D552-827E-7C98-8280-C810A095FB19}.Release|Any CPU.ActiveCfg = Release|Any CPU
		{CC93D552-827E-7C98-8280-C810A095FB19}.Release|Any CPU.Build.0 = Release|Any CPU
		{56F27A0B-E9AE-CFD8-66CB-B2F085637EE4}.Debug|Any CPU.ActiveCfg = Debug|Any CPU
		{56F27A0B-E9AE-CFD8-66CB-B2F085637EE4}.Debug|Any CPU.Build.0 = Debug|Any CPU
		{56F27A0B-E9AE-CFD8-66CB-B2F085637EE4}.Release|Any CPU.ActiveCfg = Release|Any CPU
		{56F27A0B-E9AE-CFD8-66CB-B2F085637EE4}.Release|Any CPU.Build.0 = Release|Any CPU
		{9DFC7B97-737F-4D92-8616-1AADEDEF2890}.Debug|Any CPU.ActiveCfg = Debug|Any CPU
		{9DFC7B97-737F-4D92-8616-1AADEDEF2890}.Debug|Any CPU.Build.0 = Debug|Any CPU
		{9DFC7B97-737F-4D92-8616-1AADEDEF2890}.Release|Any CPU.ActiveCfg = Release|Any CPU
		{9DFC7B97-737F-4D92-8616-1AADEDEF2890}.Release|Any CPU.Build.0 = Release|Any CPU
		{B3E70473-4280-CB5A-C823-B1BE8FD54E1B}.Debug|Any CPU.ActiveCfg = Debug|Any CPU
		{B3E70473-4280-CB5A-C823-B1BE8FD54E1B}.Debug|Any CPU.Build.0 = Debug|Any CPU
		{B3E70473-4280-CB5A-C823-B1BE8FD54E1B}.Release|Any CPU.ActiveCfg = Release|Any CPU
		{B3E70473-4280-CB5A-C823-B1BE8FD54E1B}.Release|Any CPU.Build.0 = Release|Any CPU
		{2287C007-B694-862E-9B38-12527515E8F2}.Debug|Any CPU.ActiveCfg = Debug|Any CPU
		{2287C007-B694-862E-9B38-12527515E8F2}.Debug|Any CPU.Build.0 = Debug|Any CPU
		{2287C007-B694-862E-9B38-12527515E8F2}.Release|Any CPU.ActiveCfg = Release|Any CPU
		{2287C007-B694-862E-9B38-12527515E8F2}.Release|Any CPU.Build.0 = Release|Any CPU
		{033FC4D7-D8CA-0E1E-EAEA-0F83F1D7BDA2}.Debug|Any CPU.ActiveCfg = Debug|Any CPU
		{033FC4D7-D8CA-0E1E-EAEA-0F83F1D7BDA2}.Debug|Any CPU.Build.0 = Debug|Any CPU
		{033FC4D7-D8CA-0E1E-EAEA-0F83F1D7BDA2}.Release|Any CPU.ActiveCfg = Release|Any CPU
		{033FC4D7-D8CA-0E1E-EAEA-0F83F1D7BDA2}.Release|Any CPU.Build.0 = Release|Any CPU
		{C2E113F6-8134-CF55-A3A0-DB473EA4D5F7}.Debug|Any CPU.ActiveCfg = Debug|Any CPU
		{C2E113F6-8134-CF55-A3A0-DB473EA4D5F7}.Debug|Any CPU.Build.0 = Debug|Any CPU
		{C2E113F6-8134-CF55-A3A0-DB473EA4D5F7}.Release|Any CPU.ActiveCfg = Release|Any CPU
		{C2E113F6-8134-CF55-A3A0-DB473EA4D5F7}.Release|Any CPU.Build.0 = Release|Any CPU
		{150D976D-09C7-11D7-C607-69BDBDAC802A}.Debug|Any CPU.ActiveCfg = Debug|Any CPU
		{150D976D-09C7-11D7-C607-69BDBDAC802A}.Debug|Any CPU.Build.0 = Debug|Any CPU
		{150D976D-09C7-11D7-C607-69BDBDAC802A}.Release|Any CPU.ActiveCfg = Release|Any CPU
		{150D976D-09C7-11D7-C607-69BDBDAC802A}.Release|Any CPU.Build.0 = Release|Any CPU
		{91F23B94-C8DC-99CC-2659-110DA626288D}.Debug|Any CPU.ActiveCfg = Debug|Any CPU
		{91F23B94-C8DC-99CC-2659-110DA626288D}.Debug|Any CPU.Build.0 = Debug|Any CPU
		{91F23B94-C8DC-99CC-2659-110DA626288D}.Release|Any CPU.ActiveCfg = Release|Any CPU
		{91F23B94-C8DC-99CC-2659-110DA626288D}.Release|Any CPU.Build.0 = Release|Any CPU
		{C062BE0B-61C0-35EE-9CB1-EC4730F8C1B8}.Debug|Any CPU.ActiveCfg = Debug|Any CPU
		{C062BE0B-61C0-35EE-9CB1-EC4730F8C1B8}.Debug|Any CPU.Build.0 = Debug|Any CPU
		{C062BE0B-61C0-35EE-9CB1-EC4730F8C1B8}.Release|Any CPU.ActiveCfg = Release|Any CPU
		{C062BE0B-61C0-35EE-9CB1-EC4730F8C1B8}.Release|Any CPU.Build.0 = Release|Any CPU
		{74294DE0-19D1-AEB4-FE1D-747C646DBAFC}.Debug|Any CPU.ActiveCfg = Debug|Any CPU
		{74294DE0-19D1-AEB4-FE1D-747C646DBAFC}.Debug|Any CPU.Build.0 = Debug|Any CPU
		{74294DE0-19D1-AEB4-FE1D-747C646DBAFC}.Release|Any CPU.ActiveCfg = Release|Any CPU
		{74294DE0-19D1-AEB4-FE1D-747C646DBAFC}.Release|Any CPU.Build.0 = Release|Any CPU
		{8402B99D-1DED-B540-55F1-05D5193EE951}.Debug|Any CPU.ActiveCfg = Debug|Any CPU
		{8402B99D-1DED-B540-55F1-05D5193EE951}.Debug|Any CPU.Build.0 = Debug|Any CPU
		{8402B99D-1DED-B540-55F1-05D5193EE951}.Release|Any CPU.ActiveCfg = Release|Any CPU
		{8402B99D-1DED-B540-55F1-05D5193EE951}.Release|Any CPU.Build.0 = Release|Any CPU
		{FD4B1ADA-6869-9BF4-76E6-F61183F2CD15}.Debug|Any CPU.ActiveCfg = Debug|Any CPU
		{FD4B1ADA-6869-9BF4-76E6-F61183F2CD15}.Debug|Any CPU.Build.0 = Debug|Any CPU
		{FD4B1ADA-6869-9BF4-76E6-F61183F2CD15}.Release|Any CPU.ActiveCfg = Release|Any CPU
		{FD4B1ADA-6869-9BF4-76E6-F61183F2CD15}.Release|Any CPU.Build.0 = Release|Any CPU
		{91AA490B-EEA5-F728-38B4-E1CCA0997EF8}.Debug|Any CPU.ActiveCfg = Debug|Any CPU
		{91AA490B-EEA5-F728-38B4-E1CCA0997EF8}.Debug|Any CPU.Build.0 = Debug|Any CPU
		{91AA490B-EEA5-F728-38B4-E1CCA0997EF8}.Release|Any CPU.ActiveCfg = Release|Any CPU
		{91AA490B-EEA5-F728-38B4-E1CCA0997EF8}.Release|Any CPU.Build.0 = Release|Any CPU
		{BA697263-C7A2-C800-0E4D-E4AEEE79B01F}.Debug|Any CPU.ActiveCfg = Debug|Any CPU
		{BA697263-C7A2-C800-0E4D-E4AEEE79B01F}.Debug|Any CPU.Build.0 = Debug|Any CPU
		{BA697263-C7A2-C800-0E4D-E4AEEE79B01F}.Release|Any CPU.ActiveCfg = Release|Any CPU
		{BA697263-C7A2-C800-0E4D-E4AEEE79B01F}.Release|Any CPU.Build.0 = Release|Any CPU
		{CF7A167E-652A-FFDC-4F3F-37B8FD674216}.Debug|Any CPU.ActiveCfg = Debug|Any CPU
		{CF7A167E-652A-FFDC-4F3F-37B8FD674216}.Debug|Any CPU.Build.0 = Debug|Any CPU
		{CF7A167E-652A-FFDC-4F3F-37B8FD674216}.Release|Any CPU.ActiveCfg = Release|Any CPU
		{CF7A167E-652A-FFDC-4F3F-37B8FD674216}.Release|Any CPU.Build.0 = Release|Any CPU
		{C1D2DE6E-D1EA-3E95-90F8-23594ABE3288}.Debug|Any CPU.ActiveCfg = Debug|Any CPU
		{C1D2DE6E-D1EA-3E95-90F8-23594ABE3288}.Debug|Any CPU.Build.0 = Debug|Any CPU
		{C1D2DE6E-D1EA-3E95-90F8-23594ABE3288}.Release|Any CPU.ActiveCfg = Release|Any CPU
		{C1D2DE6E-D1EA-3E95-90F8-23594ABE3288}.Release|Any CPU.Build.0 = Release|Any CPU
		{27E39735-2671-343A-AA77-E512BBC6823A}.Debug|Any CPU.ActiveCfg = Debug|Any CPU
		{27E39735-2671-343A-AA77-E512BBC6823A}.Debug|Any CPU.Build.0 = Debug|Any CPU
		{27E39735-2671-343A-AA77-E512BBC6823A}.Release|Any CPU.ActiveCfg = Release|Any CPU
		{27E39735-2671-343A-AA77-E512BBC6823A}.Release|Any CPU.Build.0 = Release|Any CPU
		{7A20DDD7-5BA1-FC99-466B-9348966C3201}.Debug|Any CPU.ActiveCfg = Debug|Any CPU
		{7A20DDD7-5BA1-FC99-466B-9348966C3201}.Debug|Any CPU.Build.0 = Debug|Any CPU
		{7A20DDD7-5BA1-FC99-466B-9348966C3201}.Release|Any CPU.ActiveCfg = Release|Any CPU
		{7A20DDD7-5BA1-FC99-466B-9348966C3201}.Release|Any CPU.Build.0 = Release|Any CPU
		{78CF13EE-DE02-DAA9-6CB5-6CCA55BCFF04}.Debug|Any CPU.ActiveCfg = Debug|Any CPU
		{78CF13EE-DE02-DAA9-6CB5-6CCA55BCFF04}.Debug|Any CPU.Build.0 = Debug|Any CPU
		{78CF13EE-DE02-DAA9-6CB5-6CCA55BCFF04}.Release|Any CPU.ActiveCfg = Release|Any CPU
		{78CF13EE-DE02-DAA9-6CB5-6CCA55BCFF04}.Release|Any CPU.Build.0 = Release|Any CPU
		{CD91EA69-5F0A-C8E3-537F-3A915021959D}.Debug|Any CPU.ActiveCfg = Debug|Any CPU
		{CD91EA69-5F0A-C8E3-537F-3A915021959D}.Debug|Any CPU.Build.0 = Debug|Any CPU
		{CD91EA69-5F0A-C8E3-537F-3A915021959D}.Release|Any CPU.ActiveCfg = Release|Any CPU
		{CD91EA69-5F0A-C8E3-537F-3A915021959D}.Release|Any CPU.Build.0 = Release|Any CPU
		{05F58F59-07E7-7A5B-A513-B34EC03D3829}.Debug|Any CPU.ActiveCfg = Debug|Any CPU
		{05F58F59-07E7-7A5B-A513-B34EC03D3829}.Debug|Any CPU.Build.0 = Debug|Any CPU
		{05F58F59-07E7-7A5B-A513-B34EC03D3829}.Release|Any CPU.ActiveCfg = Release|Any CPU
		{05F58F59-07E7-7A5B-A513-B34EC03D3829}.Release|Any CPU.Build.0 = Release|Any CPU
		{D7F19D5F-4B40-C93F-FA90-FEF844B0509D}.Debug|Any CPU.ActiveCfg = Debug|Any CPU
		{D7F19D5F-4B40-C93F-FA90-FEF844B0509D}.Debug|Any CPU.Build.0 = Debug|Any CPU
		{D7F19D5F-4B40-C93F-FA90-FEF844B0509D}.Release|Any CPU.ActiveCfg = Release|Any CPU
		{D7F19D5F-4B40-C93F-FA90-FEF844B0509D}.Release|Any CPU.Build.0 = Release|Any CPU
		{C02D931A-9A9C-A76A-670C-E1DE473A3ECC}.Debug|Any CPU.ActiveCfg = Debug|Any CPU
		{C02D931A-9A9C-A76A-670C-E1DE473A3ECC}.Debug|Any CPU.Build.0 = Debug|Any CPU
		{C02D931A-9A9C-A76A-670C-E1DE473A3ECC}.Release|Any CPU.ActiveCfg = Release|Any CPU
		{C02D931A-9A9C-A76A-670C-E1DE473A3ECC}.Release|Any CPU.Build.0 = Release|Any CPU
		{1EC25201-D0A9-E258-D6CC-4A65F822B2C9}.Debug|Any CPU.ActiveCfg = Debug|Any CPU
		{1EC25201-D0A9-E258-D6CC-4A65F822B2C9}.Debug|Any CPU.Build.0 = Debug|Any CPU
		{1EC25201-D0A9-E258-D6CC-4A65F822B2C9}.Release|Any CPU.ActiveCfg = Release|Any CPU
		{1EC25201-D0A9-E258-D6CC-4A65F822B2C9}.Release|Any CPU.Build.0 = Release|Any CPU
		{A27F86AD-976E-3091-BEA5-B04F7220C31B}.Debug|Any CPU.ActiveCfg = Debug|Any CPU
		{A27F86AD-976E-3091-BEA5-B04F7220C31B}.Debug|Any CPU.Build.0 = Debug|Any CPU
		{A27F86AD-976E-3091-BEA5-B04F7220C31B}.Release|Any CPU.ActiveCfg = Release|Any CPU
		{A27F86AD-976E-3091-BEA5-B04F7220C31B}.Release|Any CPU.Build.0 = Release|Any CPU
		{0D3B0BA4-E799-7984-5FE8-B8667280DB9A}.Debug|Any CPU.ActiveCfg = Debug|Any CPU
		{0D3B0BA4-E799-7984-5FE8-B8667280DB9A}.Debug|Any CPU.Build.0 = Debug|Any CPU
		{0D3B0BA4-E799-7984-5FE8-B8667280DB9A}.Release|Any CPU.ActiveCfg = Release|Any CPU
		{0D3B0BA4-E799-7984-5FE8-B8667280DB9A}.Release|Any CPU.Build.0 = Release|Any CPU
		{9A01D7E8-556D-1C87-9913-B427AE6E9957}.Debug|Any CPU.ActiveCfg = Debug|Any CPU
		{9A01D7E8-556D-1C87-9913-B427AE6E9957}.Debug|Any CPU.Build.0 = Debug|Any CPU
		{9A01D7E8-556D-1C87-9913-B427AE6E9957}.Release|Any CPU.ActiveCfg = Release|Any CPU
		{9A01D7E8-556D-1C87-9913-B427AE6E9957}.Release|Any CPU.Build.0 = Release|Any CPU
		{0CA99DD7-AD10-E5EC-B3C8-737B35D05237}.Debug|Any CPU.ActiveCfg = Debug|Any CPU
		{0CA99DD7-AD10-E5EC-B3C8-737B35D05237}.Debug|Any CPU.Build.0 = Debug|Any CPU
		{0CA99DD7-AD10-E5EC-B3C8-737B35D05237}.Release|Any CPU.ActiveCfg = Release|Any CPU
		{0CA99DD7-AD10-E5EC-B3C8-737B35D05237}.Release|Any CPU.Build.0 = Release|Any CPU
		{4CFAC420-625B-DF48-C92B-165265A81700}.Debug|Any CPU.ActiveCfg = Debug|Any CPU
		{4CFAC420-625B-DF48-C92B-165265A81700}.Debug|Any CPU.Build.0 = Debug|Any CPU
		{4CFAC420-625B-DF48-C92B-165265A81700}.Release|Any CPU.ActiveCfg = Release|Any CPU
		{4CFAC420-625B-DF48-C92B-165265A81700}.Release|Any CPU.Build.0 = Release|Any CPU
		{0B7BB3B4-C392-EC6D-3E3B-AA42DEF915C8}.Debug|Any CPU.ActiveCfg = Debug|Any CPU
		{0B7BB3B4-C392-EC6D-3E3B-AA42DEF915C8}.Debug|Any CPU.Build.0 = Debug|Any CPU
		{0B7BB3B4-C392-EC6D-3E3B-AA42DEF915C8}.Release|Any CPU.ActiveCfg = Release|Any CPU
		{0B7BB3B4-C392-EC6D-3E3B-AA42DEF915C8}.Release|Any CPU.Build.0 = Release|Any CPU
		{28CFCF07-C633-6E22-97CA-E3FEE1993F90}.Debug|Any CPU.ActiveCfg = Debug|Any CPU
		{28CFCF07-C633-6E22-97CA-E3FEE1993F90}.Debug|Any CPU.Build.0 = Debug|Any CPU
		{28CFCF07-C633-6E22-97CA-E3FEE1993F90}.Release|Any CPU.ActiveCfg = Release|Any CPU
		{28CFCF07-C633-6E22-97CA-E3FEE1993F90}.Release|Any CPU.Build.0 = Release|Any CPU
	EndGlobalSection
	GlobalSection(SolutionProperties) = preSolution
		HideSolutionNode = FALSE
	EndGlobalSection
EndGlobal
